<?xml version="1.0" encoding="utf-8"?>
<Project ToolsVersion="4.0" xmlns="http://schemas.microsoft.com/developer/msbuild/2003">
  <ItemGroup>
    <Filter Include="Source Files">
      <UniqueIdentifier>{4FC737F1-C7A5-4376-A066-2A32D752A2FF}</UniqueIdentifier>
      <Extensions>cpp;c;cc;cxx;def;odl;idl;hpj;bat;asm;asmx</Extensions>
    </Filter>
    <Filter Include="Header Files">
      <UniqueIdentifier>{93995380-89BD-4b04-88EB-625FBE52EBFB}</UniqueIdentifier>
      <Extensions>h;hh;hpp;hxx;hm;inl;inc;xsd</Extensions>
    </Filter>
    <Filter Include="Resource Files">
      <UniqueIdentifier>{67DA6AB6-F800-4c08-8B7A-83BB121AAD01}</UniqueIdentifier>
      <Extensions>rc;ico;cur;bmp;dlg;rc2;rct;bin;rgs;gif;jpg;jpeg;jpe;resx;tiff;tif;png;wav;mfcribbon-ms</Extensions>
    </Filter>
    <Filter Include="Chapter 1">
      <UniqueIdentifier>{91cd42e0-e03a-422e-92c3-7b38ce547209}</UniqueIdentifier>
    </Filter>
  </ItemGroup>
  <ItemGroup>
    <None Include="1-3b Print FC Table v2.c">
      <Filter>Chapter 1</Filter>
    </None>
    <None Include="1-3a Print FC Table v1.c">
      <Filter>Chapter 1</Filter>
    </None>
  </ItemGroup>
  <ItemGroup>
    <ClCompile Include="1-3e Print FC Table - add header.c">
      <Filter>Chapter 1</Filter>
    </ClCompile>
    <ClCompile Include="1-5a 1.4 Symbolic Constants.c">
      <Filter>Chapter 1</Filter>
    </ClCompile>
    <ClCompile Include="1-5 Reverse Order table.c">
      <Filter>Chapter 1</Filter>
    </ClCompile>
    <ClCompile Include="1-4 Celsius to Fahrenheit.c">
      <Filter>Chapter 1</Filter>
    </ClCompile>
    <ClCompile Include="1-1 Hello World.c">
      <Filter>Chapter 1</Filter>
    </ClCompile>
    <ClCompile Include="1-2 Hello World - printf characters.c">
      <Filter>Chapter 1</Filter>
    </ClCompile>
    <ClCompile Include="1-5b 1.5.1 File Copying.c">
      <Filter>Chapter 1</Filter>
    </ClCompile>
    <ClCompile Include="1-6 Verify getchar != EOF is 1 or 0.c">
      <Filter>Chapter 1</Filter>
    </ClCompile>
    <ClCompile Include="1-7a 1.5.2 Character Counting.c">
      <Filter>Chapter 1</Filter>
    </ClCompile>
    <ClCompile Include="1-7 Print EOF.c">
      <Filter>Chapter 1</Filter>
    </ClCompile>
    <ClCompile Include="1-7b 1.5.3 Line Counting.c">
      <Filter>Chapter 1</Filter>
    </ClCompile>
  </ItemGroup>
</Project>